
Microsoft Visual Studio Solution File, Format Version 12.00
# Visual Studio Version 17
VisualStudioVersion = 17.0.31903.59
MinimumVisualStudioVersion = 10.0.40219.1
Project("{FAE04EC0-301F-11D3-BF4B-00C04F79EFBC}") = "LabOne", "LabOne\LabOne.csproj", "{EF8B6779-5DB7-4915-9628-905C8FDC7CD5}"
EndProject
Project("{FAE04EC0-301F-11D3-BF4B-00C04F79EFBC}") = "LabTwo", "..\LabTwoContent\LabTwo\LabTwo.csproj", "{2C019FB9-6C1B-483D-9FBD-50F9CAED469D}"
EndProject
Project("{FAE04EC0-301F-11D3-BF4B-00C04F79EFBC}") = "LabThree", "..\LabThreeContent\LabThree\LabThree.csproj", "{8AE177AA-0741-409C-A352-6330161DEABC}"
EndProject
Project("{FAE04EC0-301F-11D3-BF4B-00C04F79EFBC}") = "LabThree (CommissionLab)", "LabThree (CommissionLab)\LabThree (CommissionLab).csproj", "{6285F27D-65D0-444B-A0E6-BEF9DAED0C0F}"
EndProject
Project("{FAE04EC0-301F-11D3-BF4B-00C04F79EFBC}") = "CommissionLab", "..\LabThree (CommissionLab)\CommissionLab\CommissionLab.csproj", "{B1DCB075-B0EF-43FA-AE0B-3FBB497893FC}"
EndProject
Project("{FAE04EC0-301F-11D3-BF4B-00C04F79EFBC}") = "SpeedLab", "..\LabFour (SpeedLab)\SpeedLab\SpeedLab.csproj", "{FBF39AEC-D7F8-4BC9-B7EB-E8A7A692C7B3}"
EndProject
Project("{FAE04EC0-301F-11D3-BF4B-00C04F79EFBC}") = "Mini Exam1", "..\Mini Exam 1\Mini Exam1\Mini Exam1.csproj", "{91A7853A-82FF-4FF9-8314-102A9472CD78}"
EndProject
Project("{FAE04EC0-301F-11D3-BF4B-00C04F79EFBC}") = "OddEven", "..\LabFive (OddEven)\OddEven\OddEven.csproj", "{9C7E6AD0-79E6-4BD4-82AB-44FAABC55A04}"
EndProject
Project("{FAE04EC0-301F-11D3-BF4B-00C04F79EFBC}") = "ParkingCalculator.", "..\LabSix (ParkingCalculator)\ParkingCalculator\ParkingCalculator..csproj", "{1518BB92-89BC-4A21-8729-E9C697EAB053}"
EndProject
Project("{FAE04EC0-301F-11D3-BF4B-00C04F79EFBC}") = "Mini Exam 2", "..\Mini Exam 2\Mini Exam 2\Mini Exam 2.csproj", "{B63707CF-FF5E-4E17-94FF-3B899DA4EF6C}"
EndProject
Project("{FAE04EC0-301F-11D3-BF4B-00C04F79EFBC}") = "Employee Lab", "..\LabSeven (EmployeeLab)\Employee Lab\Employee Lab.csproj", "{94F7E6D5-A834-4431-9E7C-D3AEF04ECB42}"
EndProject
Project("{FAE04EC0-301F-11D3-BF4B-00C04F79EFBC}") = "EmployeeLab2", "..\LabEight (Employeelab2)\EmployeeLab2\EmployeeLab2.csproj", "{239957EF-92CF-4503-97F7-58F3172242E8}"
EndProject
Project("{FAE04EC0-301F-11D3-BF4B-00C04F79EFBC}") = "FacultyLab", "..\LabNine (FacultyLab)\FacultyLab\FacultyLab.csproj", "{AEB61CE1-5F51-4C87-B834-88FC9FE231E6}"
EndProject
Project("{FAE04EC0-301F-11D3-BF4B-00C04F79EFBC}") = "LabTen(LabList)", "..\LabTen(LabList)\LabTen(LabList).csproj", "{B5A76C6C-1BF6-45A6-BFAC-864A62EBCD04}"
EndProject
Project("{FAE04EC0-301F-11D3-BF4B-00C04F79EFBC}") = "Final Project", "..\Final Project\Final Project.csproj", "{BA119D12-77B2-4E54-973E-133156588530}"
EndProject
Project("{FAE04EC0-301F-11D3-BF4B-00C04F79EFBC}") = "VSCode Bonus Lab", "..\VSCode Bonus Lab\VSCode Bonus Lab.csproj", "{2949CBD0-0055-4F67-A681-C54AA7F8DBE9}"
EndProject
Project("{FAE04EC0-301F-11D3-BF4B-00C04F79EFBC}") = "FinalQuiz", "..\FinalQuiz\FinalQuiz.csproj", "{9EA09FE7-B102-4411-8CC9-7218048605E3}"
EndProject
Global
	GlobalSection(SolutionConfigurationPlatforms) = preSolution
		Debug|Any CPU = Debug|Any CPU
		Debug|x64 = Debug|x64
		Debug|x86 = Debug|x86
		Release|Any CPU = Release|Any CPU
		Release|x64 = Release|x64
		Release|x86 = Release|x86
	EndGlobalSection
	GlobalSection(ProjectConfigurationPlatforms) = postSolution
		{EF8B6779-5DB7-4915-9628-905C8FDC7CD5}.Debug|Any CPU.ActiveCfg = Debug|Any CPU
		{EF8B6779-5DB7-4915-9628-905C8FDC7CD5}.Debug|Any CPU.Build.0 = Debug|Any CPU
		{EF8B6779-5DB7-4915-9628-905C8FDC7CD5}.Debug|x64.ActiveCfg = Debug|Any CPU
		{EF8B6779-5DB7-4915-9628-905C8FDC7CD5}.Debug|x64.Build.0 = Debug|Any CPU
		{EF8B6779-5DB7-4915-9628-905C8FDC7CD5}.Debug|x86.ActiveCfg = Debug|Any CPU
		{EF8B6779-5DB7-4915-9628-905C8FDC7CD5}.Debug|x86.Build.0 = Debug|Any CPU
		{EF8B6779-5DB7-4915-9628-905C8FDC7CD5}.Release|Any CPU.ActiveCfg = Release|Any CPU
		{EF8B6779-5DB7-4915-9628-905C8FDC7CD5}.Release|Any CPU.Build.0 = Release|Any CPU
		{EF8B6779-5DB7-4915-9628-905C8FDC7CD5}.Release|x64.ActiveCfg = Release|Any CPU
		{EF8B6779-5DB7-4915-9628-905C8FDC7CD5}.Release|x64.Build.0 = Release|Any CPU
		{EF8B6779-5DB7-4915-9628-905C8FDC7CD5}.Release|x86.ActiveCfg = Release|Any CPU
		{EF8B6779-5DB7-4915-9628-905C8FDC7CD5}.Release|x86.Build.0 = Release|Any CPU
		{2C019FB9-6C1B-483D-9FBD-50F9CAED469D}.Debug|Any CPU.ActiveCfg = Debug|Any CPU
		{2C019FB9-6C1B-483D-9FBD-50F9CAED469D}.Debug|Any CPU.Build.0 = Debug|Any CPU
		{2C019FB9-6C1B-483D-9FBD-50F9CAED469D}.Debug|x64.ActiveCfg = Debug|Any CPU
		{2C019FB9-6C1B-483D-9FBD-50F9CAED469D}.Debug|x64.Build.0 = Debug|Any CPU
		{2C019FB9-6C1B-483D-9FBD-50F9CAED469D}.Debug|x86.ActiveCfg = Debug|Any CPU
		{2C019FB9-6C1B-483D-9FBD-50F9CAED469D}.Debug|x86.Build.0 = Debug|Any CPU
		{2C019FB9-6C1B-483D-9FBD-50F9CAED469D}.Release|Any CPU.ActiveCfg = Release|Any CPU
		{2C019FB9-6C1B-483D-9FBD-50F9CAED469D}.Release|Any CPU.Build.0 = Release|Any CPU
		{2C019FB9-6C1B-483D-9FBD-50F9CAED469D}.Release|x64.ActiveCfg = Release|Any CPU
		{2C019FB9-6C1B-483D-9FBD-50F9CAED469D}.Release|x64.Build.0 = Release|Any CPU
		{2C019FB9-6C1B-483D-9FBD-50F9CAED469D}.Release|x86.ActiveCfg = Release|Any CPU
		{2C019FB9-6C1B-483D-9FBD-50F9CAED469D}.Release|x86.Build.0 = Release|Any CPU
		{8AE177AA-0741-409C-A352-6330161DEABC}.Debug|Any CPU.ActiveCfg = Debug|Any CPU
		{8AE177AA-0741-409C-A352-6330161DEABC}.Debug|Any CPU.Build.0 = Debug|Any CPU
		{8AE177AA-0741-409C-A352-6330161DEABC}.Debug|x64.ActiveCfg = Debug|Any CPU
		{8AE177AA-0741-409C-A352-6330161DEABC}.Debug|x64.Build.0 = Debug|Any CPU
		{8AE177AA-0741-409C-A352-6330161DEABC}.Debug|x86.ActiveCfg = Debug|Any CPU
		{8AE177AA-0741-409C-A352-6330161DEABC}.Debug|x86.Build.0 = Debug|Any CPU
		{8AE177AA-0741-409C-A352-6330161DEABC}.Release|Any CPU.ActiveCfg = Release|Any CPU
		{8AE177AA-0741-409C-A352-6330161DEABC}.Release|Any CPU.Build.0 = Release|Any CPU
		{8AE177AA-0741-409C-A352-6330161DEABC}.Release|x64.ActiveCfg = Release|Any CPU
		{8AE177AA-0741-409C-A352-6330161DEABC}.Release|x64.Build.0 = Release|Any CPU
		{8AE177AA-0741-409C-A352-6330161DEABC}.Release|x86.ActiveCfg = Release|Any CPU
		{8AE177AA-0741-409C-A352-6330161DEABC}.Release|x86.Build.0 = Release|Any CPU
		{6285F27D-65D0-444B-A0E6-BEF9DAED0C0F}.Debug|Any CPU.ActiveCfg = Debug|Any CPU
		{6285F27D-65D0-444B-A0E6-BEF9DAED0C0F}.Debug|Any CPU.Build.0 = Debug|Any CPU
		{6285F27D-65D0-444B-A0E6-BEF9DAED0C0F}.Debug|x64.ActiveCfg = Debug|Any CPU
		{6285F27D-65D0-444B-A0E6-BEF9DAED0C0F}.Debug|x64.Build.0 = Debug|Any CPU
		{6285F27D-65D0-444B-A0E6-BEF9DAED0C0F}.Debug|x86.ActiveCfg = Debug|Any CPU
		{6285F27D-65D0-444B-A0E6-BEF9DAED0C0F}.Debug|x86.Build.0 = Debug|Any CPU
		{6285F27D-65D0-444B-A0E6-BEF9DAED0C0F}.Release|Any CPU.ActiveCfg = Release|Any CPU
		{6285F27D-65D0-444B-A0E6-BEF9DAED0C0F}.Release|Any CPU.Build.0 = Release|Any CPU
		{6285F27D-65D0-444B-A0E6-BEF9DAED0C0F}.Release|x64.ActiveCfg = Release|Any CPU
		{6285F27D-65D0-444B-A0E6-BEF9DAED0C0F}.Release|x64.Build.0 = Release|Any CPU
		{6285F27D-65D0-444B-A0E6-BEF9DAED0C0F}.Release|x86.ActiveCfg = Release|Any CPU
		{6285F27D-65D0-444B-A0E6-BEF9DAED0C0F}.Release|x86.Build.0 = Release|Any CPU
		{B1DCB075-B0EF-43FA-AE0B-3FBB497893FC}.Debug|Any CPU.ActiveCfg = Debug|Any CPU
		{B1DCB075-B0EF-43FA-AE0B-3FBB497893FC}.Debug|Any CPU.Build.0 = Debug|Any CPU
		{B1DCB075-B0EF-43FA-AE0B-3FBB497893FC}.Debug|x64.ActiveCfg = Debug|Any CPU
		{B1DCB075-B0EF-43FA-AE0B-3FBB497893FC}.Debug|x64.Build.0 = Debug|Any CPU
		{B1DCB075-B0EF-43FA-AE0B-3FBB497893FC}.Debug|x86.ActiveCfg = Debug|Any CPU
		{B1DCB075-B0EF-43FA-AE0B-3FBB497893FC}.Debug|x86.Build.0 = Debug|Any CPU
		{B1DCB075-B0EF-43FA-AE0B-3FBB497893FC}.Release|Any CPU.ActiveCfg = Release|Any CPU
		{B1DCB075-B0EF-43FA-AE0B-3FBB497893FC}.Release|Any CPU.Build.0 = Release|Any CPU
		{B1DCB075-B0EF-43FA-AE0B-3FBB497893FC}.Release|x64.ActiveCfg = Release|Any CPU
		{B1DCB075-B0EF-43FA-AE0B-3FBB497893FC}.Release|x64.Build.0 = Release|Any CPU
		{B1DCB075-B0EF-43FA-AE0B-3FBB497893FC}.Release|x86.ActiveCfg = Release|Any CPU
		{B1DCB075-B0EF-43FA-AE0B-3FBB497893FC}.Release|x86.Build.0 = Release|Any CPU
		{FBF39AEC-D7F8-4BC9-B7EB-E8A7A692C7B3}.Debug|Any CPU.ActiveCfg = Debug|Any CPU
		{FBF39AEC-D7F8-4BC9-B7EB-E8A7A692C7B3}.Debug|Any CPU.Build.0 = Debug|Any CPU
		{FBF39AEC-D7F8-4BC9-B7EB-E8A7A692C7B3}.Debug|x64.ActiveCfg = Debug|Any CPU
		{FBF39AEC-D7F8-4BC9-B7EB-E8A7A692C7B3}.Debug|x64.Build.0 = Debug|Any CPU
		{FBF39AEC-D7F8-4BC9-B7EB-E8A7A692C7B3}.Debug|x86.ActiveCfg = Debug|Any CPU
		{FBF39AEC-D7F8-4BC9-B7EB-E8A7A692C7B3}.Debug|x86.Build.0 = Debug|Any CPU
		{FBF39AEC-D7F8-4BC9-B7EB-E8A7A692C7B3}.Release|Any CPU.ActiveCfg = Release|Any CPU
		{FBF39AEC-D7F8-4BC9-B7EB-E8A7A692C7B3}.Release|Any CPU.Build.0 = Release|Any CPU
		{FBF39AEC-D7F8-4BC9-B7EB-E8A7A692C7B3}.Release|x64.ActiveCfg = Release|Any CPU
		{FBF39AEC-D7F8-4BC9-B7EB-E8A7A692C7B3}.Release|x64.Build.0 = Release|Any CPU
		{FBF39AEC-D7F8-4BC9-B7EB-E8A7A692C7B3}.Release|x86.ActiveCfg = Release|Any CPU
		{FBF39AEC-D7F8-4BC9-B7EB-E8A7A692C7B3}.Release|x86.Build.0 = Release|Any CPU
		{91A7853A-82FF-4FF9-8314-102A9472CD78}.Debug|Any CPU.ActiveCfg = Debug|Any CPU
		{91A7853A-82FF-4FF9-8314-102A9472CD78}.Debug|Any CPU.Build.0 = Debug|Any CPU
		{91A7853A-82FF-4FF9-8314-102A9472CD78}.Debug|x64.ActiveCfg = Debug|Any CPU
		{91A7853A-82FF-4FF9-8314-102A9472CD78}.Debug|x64.Build.0 = Debug|Any CPU
		{91A7853A-82FF-4FF9-8314-102A9472CD78}.Debug|x86.ActiveCfg = Debug|Any CPU
		{91A7853A-82FF-4FF9-8314-102A9472CD78}.Debug|x86.Build.0 = Debug|Any CPU
		{91A7853A-82FF-4FF9-8314-102A9472CD78}.Release|Any CPU.ActiveCfg = Release|Any CPU
		{91A7853A-82FF-4FF9-8314-102A9472CD78}.Release|Any CPU.Build.0 = Release|Any CPU
		{91A7853A-82FF-4FF9-8314-102A9472CD78}.Release|x64.ActiveCfg = Release|Any CPU
		{91A7853A-82FF-4FF9-8314-102A9472CD78}.Release|x64.Build.0 = Release|Any CPU
		{91A7853A-82FF-4FF9-8314-102A9472CD78}.Release|x86.ActiveCfg = Release|Any CPU
		{91A7853A-82FF-4FF9-8314-102A9472CD78}.Release|x86.Build.0 = Release|Any CPU
		{9C7E6AD0-79E6-4BD4-82AB-44FAABC55A04}.Debug|Any CPU.ActiveCfg = Debug|Any CPU
		{9C7E6AD0-79E6-4BD4-82AB-44FAABC55A04}.Debug|Any CPU.Build.0 = Debug|Any CPU
		{9C7E6AD0-79E6-4BD4-82AB-44FAABC55A04}.Debug|x64.ActiveCfg = Debug|Any CPU
		{9C7E6AD0-79E6-4BD4-82AB-44FAABC55A04}.Debug|x64.Build.0 = Debug|Any CPU
		{9C7E6AD0-79E6-4BD4-82AB-44FAABC55A04}.Debug|x86.ActiveCfg = Debug|Any CPU
		{9C7E6AD0-79E6-4BD4-82AB-44FAABC55A04}.Debug|x86.Build.0 = Debug|Any CPU
		{9C7E6AD0-79E6-4BD4-82AB-44FAABC55A04}.Release|Any CPU.ActiveCfg = Release|Any CPU
		{9C7E6AD0-79E6-4BD4-82AB-44FAABC55A04}.Release|Any CPU.Build.0 = Release|Any CPU
		{9C7E6AD0-79E6-4BD4-82AB-44FAABC55A04}.Release|x64.ActiveCfg = Release|Any CPU
		{9C7E6AD0-79E6-4BD4-82AB-44FAABC55A04}.Release|x64.Build.0 = Release|Any CPU
		{9C7E6AD0-79E6-4BD4-82AB-44FAABC55A04}.Release|x86.ActiveCfg = Release|Any CPU
		{9C7E6AD0-79E6-4BD4-82AB-44FAABC55A04}.Release|x86.Build.0 = Release|Any CPU
		{1518BB92-89BC-4A21-8729-E9C697EAB053}.Debug|Any CPU.ActiveCfg = Debug|Any CPU
		{1518BB92-89BC-4A21-8729-E9C697EAB053}.Debug|Any CPU.Build.0 = Debug|Any CPU
		{1518BB92-89BC-4A21-8729-E9C697EAB053}.Debug|x64.ActiveCfg = Debug|Any CPU
		{1518BB92-89BC-4A21-8729-E9C697EAB053}.Debug|x64.Build.0 = Debug|Any CPU
		{1518BB92-89BC-4A21-8729-E9C697EAB053}.Debug|x86.ActiveCfg = Debug|Any CPU
		{1518BB92-89BC-4A21-8729-E9C697EAB053}.Debug|x86.Build.0 = Debug|Any CPU
		{1518BB92-89BC-4A21-8729-E9C697EAB053}.Release|Any CPU.ActiveCfg = Release|Any CPU
		{1518BB92-89BC-4A21-8729-E9C697EAB053}.Release|Any CPU.Build.0 = Release|Any CPU
		{1518BB92-89BC-4A21-8729-E9C697EAB053}.Release|x64.ActiveCfg = Release|Any CPU
		{1518BB92-89BC-4A21-8729-E9C697EAB053}.Release|x64.Build.0 = Release|Any CPU
		{1518BB92-89BC-4A21-8729-E9C697EAB053}.Release|x86.ActiveCfg = Release|Any CPU
		{1518BB92-89BC-4A21-8729-E9C697EAB053}.Release|x86.Build.0 = Release|Any CPU
		{B63707CF-FF5E-4E17-94FF-3B899DA4EF6C}.Debug|Any CPU.ActiveCfg = Debug|Any CPU
		{B63707CF-FF5E-4E17-94FF-3B899DA4EF6C}.Debug|Any CPU.Build.0 = Debug|Any CPU
		{B63707CF-FF5E-4E17-94FF-3B899DA4EF6C}.Debug|x64.ActiveCfg = Debug|Any CPU
		{B63707CF-FF5E-4E17-94FF-3B899DA4EF6C}.Debug|x64.Build.0 = Debug|Any CPU
		{B63707CF-FF5E-4E17-94FF-3B899DA4EF6C}.Debug|x86.ActiveCfg = Debug|Any CPU
		{B63707CF-FF5E-4E17-94FF-3B899DA4EF6C}.Debug|x86.Build.0 = Debug|Any CPU
		{B63707CF-FF5E-4E17-94FF-3B899DA4EF6C}.Release|Any CPU.ActiveCfg = Release|Any CPU
		{B63707CF-FF5E-4E17-94FF-3B899DA4EF6C}.Release|Any CPU.Build.0 = Release|Any CPU
		{B63707CF-FF5E-4E17-94FF-3B899DA4EF6C}.Release|x64.ActiveCfg = Release|Any CPU
		{B63707CF-FF5E-4E17-94FF-3B899DA4EF6C}.Release|x64.Build.0 = Release|Any CPU
		{B63707CF-FF5E-4E17-94FF-3B899DA4EF6C}.Release|x86.ActiveCfg = Release|Any CPU
		{B63707CF-FF5E-4E17-94FF-3B899DA4EF6C}.Release|x86.Build.0 = Release|Any CPU
		{94F7E6D5-A834-4431-9E7C-D3AEF04ECB42}.Debug|Any CPU.ActiveCfg = Debug|Any CPU
		{94F7E6D5-A834-4431-9E7C-D3AEF04ECB42}.Debug|Any CPU.Build.0 = Debug|Any CPU
		{94F7E6D5-A834-4431-9E7C-D3AEF04ECB42}.Debug|x64.ActiveCfg = Debug|Any CPU
		{94F7E6D5-A834-4431-9E7C-D3AEF04ECB42}.Debug|x64.Build.0 = Debug|Any CPU
		{94F7E6D5-A834-4431-9E7C-D3AEF04ECB42}.Debug|x86.ActiveCfg = Debug|Any CPU
		{94F7E6D5-A834-4431-9E7C-D3AEF04ECB42}.Debug|x86.Build.0 = Debug|Any CPU
		{94F7E6D5-A834-4431-9E7C-D3AEF04ECB42}.Release|Any CPU.ActiveCfg = Release|Any CPU
		{94F7E6D5-A834-4431-9E7C-D3AEF04ECB42}.Release|Any CPU.Build.0 = Release|Any CPU
		{94F7E6D5-A834-4431-9E7C-D3AEF04ECB42}.Release|x64.ActiveCfg = Release|Any CPU
		{94F7E6D5-A834-4431-9E7C-D3AEF04ECB42}.Release|x64.Build.0 = Release|Any CPU
		{94F7E6D5-A834-4431-9E7C-D3AEF04ECB42}.Release|x86.ActiveCfg = Release|Any CPU
		{94F7E6D5-A834-4431-9E7C-D3AEF04ECB42}.Release|x86.Build.0 = Release|Any CPU
		{239957EF-92CF-4503-97F7-58F3172242E8}.Debug|Any CPU.ActiveCfg = Debug|Any CPU
		{239957EF-92CF-4503-97F7-58F3172242E8}.Debug|Any CPU.Build.0 = Debug|Any CPU
		{239957EF-92CF-4503-97F7-58F3172242E8}.Debug|x64.ActiveCfg = Debug|Any CPU
		{239957EF-92CF-4503-97F7-58F3172242E8}.Debug|x64.Build.0 = Debug|Any CPU
		{239957EF-92CF-4503-97F7-58F3172242E8}.Debug|x86.ActiveCfg = Debug|Any CPU
		{239957EF-92CF-4503-97F7-58F3172242E8}.Debug|x86.Build.0 = Debug|Any CPU
		{239957EF-92CF-4503-97F7-58F3172242E8}.Release|Any CPU.ActiveCfg = Release|Any CPU
		{239957EF-92CF-4503-97F7-58F3172242E8}.Release|Any CPU.Build.0 = Release|Any CPU
		{239957EF-92CF-4503-97F7-58F3172242E8}.Release|x64.ActiveCfg = Release|Any CPU
		{239957EF-92CF-4503-97F7-58F3172242E8}.Release|x64.Build.0 = Release|Any CPU
		{239957EF-92CF-4503-97F7-58F3172242E8}.Release|x86.ActiveCfg = Release|Any CPU
		{239957EF-92CF-4503-97F7-58F3172242E8}.Release|x86.Build.0 = Release|Any CPU
		{AEB61CE1-5F51-4C87-B834-88FC9FE231E6}.Debug|Any CPU.ActiveCfg = Debug|Any CPU
		{AEB61CE1-5F51-4C87-B834-88FC9FE231E6}.Debug|Any CPU.Build.0 = Debug|Any CPU
		{AEB61CE1-5F51-4C87-B834-88FC9FE231E6}.Debug|x64.ActiveCfg = Debug|Any CPU
		{AEB61CE1-5F51-4C87-B834-88FC9FE231E6}.Debug|x64.Build.0 = Debug|Any CPU
		{AEB61CE1-5F51-4C87-B834-88FC9FE231E6}.Debug|x86.ActiveCfg = Debug|Any CPU
		{AEB61CE1-5F51-4C87-B834-88FC9FE231E6}.Debug|x86.Build.0 = Debug|Any CPU
		{AEB61CE1-5F51-4C87-B834-88FC9FE231E6}.Release|Any CPU.ActiveCfg = Release|Any CPU
		{AEB61CE1-5F51-4C87-B834-88FC9FE231E6}.Release|Any CPU.Build.0 = Release|Any CPU
		{AEB61CE1-5F51-4C87-B834-88FC9FE231E6}.Release|x64.ActiveCfg = Release|Any CPU
		{AEB61CE1-5F51-4C87-B834-88FC9FE231E6}.Release|x64.Build.0 = Release|Any CPU
		{AEB61CE1-5F51-4C87-B834-88FC9FE231E6}.Release|x86.ActiveCfg = Release|Any CPU
		{AEB61CE1-5F51-4C87-B834-88FC9FE231E6}.Release|x86.Build.0 = Release|Any CPU
		{B5A76C6C-1BF6-45A6-BFAC-864A62EBCD04}.Debug|Any CPU.ActiveCfg = Debug|Any CPU
		{B5A76C6C-1BF6-45A6-BFAC-864A62EBCD04}.Debug|Any CPU.Build.0 = Debug|Any CPU
		{B5A76C6C-1BF6-45A6-BFAC-864A62EBCD04}.Debug|x64.ActiveCfg = Debug|Any CPU
		{B5A76C6C-1BF6-45A6-BFAC-864A62EBCD04}.Debug|x64.Build.0 = Debug|Any CPU
		{B5A76C6C-1BF6-45A6-BFAC-864A62EBCD04}.Debug|x86.ActiveCfg = Debug|Any CPU
		{B5A76C6C-1BF6-45A6-BFAC-864A62EBCD04}.Debug|x86.Build.0 = Debug|Any CPU
		{B5A76C6C-1BF6-45A6-BFAC-864A62EBCD04}.Release|Any CPU.ActiveCfg = Release|Any CPU
		{B5A76C6C-1BF6-45A6-BFAC-864A62EBCD04}.Release|Any CPU.Build.0 = Release|Any CPU
		{B5A76C6C-1BF6-45A6-BFAC-864A62EBCD04}.Release|x64.ActiveCfg = Release|Any CPU
		{B5A76C6C-1BF6-45A6-BFAC-864A62EBCD04}.Release|x64.Build.0 = Release|Any CPU
		{B5A76C6C-1BF6-45A6-BFAC-864A62EBCD04}.Release|x86.ActiveCfg = Release|Any CPU
		{B5A76C6C-1BF6-45A6-BFAC-864A62EBCD04}.Release|x86.Build.0 = Release|Any CPU
		{BA119D12-77B2-4E54-973E-133156588530}.Debug|Any CPU.ActiveCfg = Debug|Any CPU
		{BA119D12-77B2-4E54-973E-133156588530}.Debug|Any CPU.Build.0 = Debug|Any CPU
		{BA119D12-77B2-4E54-973E-133156588530}.Debug|x64.ActiveCfg = Debug|Any CPU
		{BA119D12-77B2-4E54-973E-133156588530}.Debug|x64.Build.0 = Debug|Any CPU
		{BA119D12-77B2-4E54-973E-133156588530}.Debug|x86.ActiveCfg = Debug|Any CPU
		{BA119D12-77B2-4E54-973E-133156588530}.Debug|x86.Build.0 = Debug|Any CPU
		{BA119D12-77B2-4E54-973E-133156588530}.Release|Any CPU.ActiveCfg = Release|Any CPU
		{BA119D12-77B2-4E54-973E-133156588530}.Release|Any CPU.Build.0 = Release|Any CPU
		{BA119D12-77B2-4E54-973E-133156588530}.Release|x64.ActiveCfg = Release|Any CPU
		{BA119D12-77B2-4E54-973E-133156588530}.Release|x64.Build.0 = Release|Any CPU
		{BA119D12-77B2-4E54-973E-133156588530}.Release|x86.ActiveCfg = Release|Any CPU
		{BA119D12-77B2-4E54-973E-133156588530}.Release|x86.Build.0 = Release|Any CPU
		{2949CBD0-0055-4F67-A681-C54AA7F8DBE9}.Debug|Any CPU.ActiveCfg = Debug|Any CPU
		{2949CBD0-0055-4F67-A681-C54AA7F8DBE9}.Debug|Any CPU.Build.0 = Debug|Any CPU
		{2949CBD0-0055-4F67-A681-C54AA7F8DBE9}.Debug|x64.ActiveCfg = Debug|Any CPU
		{2949CBD0-0055-4F67-A681-C54AA7F8DBE9}.Debug|x64.Build.0 = Debug|Any CPU
		{2949CBD0-0055-4F67-A681-C54AA7F8DBE9}.Debug|x86.ActiveCfg = Debug|Any CPU
		{2949CBD0-0055-4F67-A681-C54AA7F8DBE9}.Debug|x86.Build.0 = Debug|Any CPU
		{2949CBD0-0055-4F67-A681-C54AA7F8DBE9}.Release|Any CPU.ActiveCfg = Release|Any CPU
		{2949CBD0-0055-4F67-A681-C54AA7F8DBE9}.Release|Any CPU.Build.0 = Release|Any CPU
		{2949CBD0-0055-4F67-A681-C54AA7F8DBE9}.Release|x64.ActiveCfg = Release|Any CPU
		{2949CBD0-0055-4F67-A681-C54AA7F8DBE9}.Release|x64.Build.0 = Release|Any CPU
		{2949CBD0-0055-4F67-A681-C54AA7F8DBE9}.Release|x86.ActiveCfg = Release|Any CPU
		{2949CBD0-0055-4F67-A681-C54AA7F8DBE9}.Release|x86.Build.0 = Release|Any CPU
		{9EA09FE7-B102-4411-8CC9-7218048605E3}.Debug|Any CPU.ActiveCfg = Debug|Any CPU
		{9EA09FE7-B102-4411-8CC9-7218048605E3}.Debug|Any CPU.Build.0 = Debug|Any CPU
		{9EA09FE7-B102-4411-8CC9-7218048605E3}.Debug|x64.ActiveCfg = Debug|Any CPU
		{9EA09FE7-B102-4411-8CC9-7218048605E3}.Debug|x64.Build.0 = Debug|Any CPU
		{9EA09FE7-B102-4411-8CC9-7218048605E3}.Debug|x86.ActiveCfg = Debug|Any CPU
		{9EA09FE7-B102-4411-8CC9-7218048605E3}.Debug|x86.Build.0 = Debug|Any CPU
		{9EA09FE7-B102-4411-8CC9-7218048605E3}.Release|Any CPU.ActiveCfg = Release|Any CPU
		{9EA09FE7-B102-4411-8CC9-7218048605E3}.Release|Any CPU.Build.0 = Release|Any CPU
		{9EA09FE7-B102-4411-8CC9-7218048605E3}.Release|x64.ActiveCfg = Release|Any CPU
		{9EA09FE7-B102-4411-8CC9-7218048605E3}.Release|x64.Build.0 = Release|Any CPU
		{9EA09FE7-B102-4411-8CC9-7218048605E3}.Release|x86.ActiveCfg = Release|Any CPU
		{9EA09FE7-B102-4411-8CC9-7218048605E3}.Release|x86.Build.0 = Release|Any CPU
	EndGlobalSection
	GlobalSection(SolutionProperties) = preSolution
		HideSolutionNode = FALSE
	EndGlobalSection
EndGlobal
