
Microsoft Visual Studio Solution File, Format Version 12.00
# Visual Studio Version 17
VisualStudioVersion = 17.0.31903.59
MinimumVisualStudioVersion = 10.0.40219.1
Project("{FAE04EC0-301F-11D3-BF4B-00C04F79EFBC}") = "LabOne", "LabOne\LabOne.csproj", "{EF8B6779-5DB7-4915-9628-905C8FDC7CD5}"
EndProject
Project("{FAE04EC0-301F-11D3-BF4B-00C04F79EFBC}") = "LabTwo", "..\LabTwoContent\LabTwo\LabTwo.csproj", "{2C019FB9-6C1B-483D-9FBD-50F9CAED469D}"
EndProject
Project("{FAE04EC0-301F-11D3-BF4B-00C04F79EFBC}") = "LabThree", "..\LabThreeContent\LabThree\LabThree.csproj", "{8AE177AA-0741-409C-A352-6330161DEABC}"
EndProject
Project("{FAE04EC0-301F-11D3-BF4B-00C04F79EFBC}") = "LabThree (CommissionLab)", "LabThree (CommissionLab)\LabThree (CommissionLab).csproj", "{6285F27D-65D0-444B-A0E6-BEF9DAED0C0F}"
EndProject
Project("{FAE04EC0-301F-11D3-BF4B-00C04F79EFBC}") = "CommissionLab", "..\LabThree (CommissionLab)\CommissionLab\CommissionLab.csproj", "{B1DCB075-B0EF-43FA-AE0B-3FBB497893FC}"
EndProject
Project("{FAE04EC0-301F-11D3-BF4B-00C04F79EFBC}") = "SpeedLab", "..\LabFour (SpeedLab)\SpeedLab\SpeedLab.csproj", "{FBF39AEC-D7F8-4BC9-B7EB-E8A7A692C7B3}"
EndProject
Project("{FAE04EC0-301F-11D3-BF4B-00C04F79EFBC}") = "Mini Exam1", "..\Mini Exam 1\Mini Exam1\Mini Exam1.csproj", "{91A7853A-82FF-4FF9-8314-102A9472CD78}"
EndProject
Project("{FAE04EC0-301F-11D3-BF4B-00C04F79EFBC}") = "OddEven", "..\LabFive (OddEven)\OddEven\OddEven.csproj", "{9C7E6AD0-79E6-4BD4-82AB-44FAABC55A04}"
EndProject
Project("{FAE04EC0-301F-11D3-BF4B-00C04F79EFBC}") = "ParkingCalculator.", "..\LabSix (ParkingCalculator)\ParkingCalculator\ParkingCalculator..csproj", "{1518BB92-89BC-4A21-8729-E9C697EAB053}"
EndProject
Project("{FAE04EC0-301F-11D3-BF4B-00C04F79EFBC}") = "Mini Exam 2", "..\Mini Exam 2\Mini Exam 2\Mini Exam 2.csproj", "{B63707CF-FF5E-4E17-94FF-3B899DA4EF6C}"
EndProject
Global
	GlobalSection(SolutionConfigurationPlatforms) = preSolution
		Debug|Any CPU = Debug|Any CPU
		Debug|x64 = Debug|x64
		Debug|x86 = Debug|x86
		Release|Any CPU = Release|Any CPU
		Release|x64 = Release|x64
		Release|x86 = Release|x86
	EndGlobalSection
	GlobalSection(ProjectConfigurationPlatforms) = postSolution
		{EF8B6779-5DB7-4915-9628-905C8FDC7CD5}.Debug|Any CPU.ActiveCfg = Debug|Any CPU
		{EF8B6779-5DB7-4915-9628-905C8FDC7CD5}.Debug|Any CPU.Build.0 = Debug|Any CPU
		{EF8B6779-5DB7-4915-9628-905C8FDC7CD5}.Debug|x64.ActiveCfg = Debug|Any CPU
		{EF8B6779-5DB7-4915-9628-905C8FDC7CD5}.Debug|x64.Build.0 = Debug|Any CPU
		{EF8B6779-5DB7-4915-9628-905C8FDC7CD5}.Debug|x86.ActiveCfg = Debug|Any CPU
		{EF8B6779-5DB7-4915-9628-905C8FDC7CD5}.Debug|x86.Build.0 = Debug|Any CPU
		{EF8B6779-5DB7-4915-9628-905C8FDC7CD5}.Release|Any CPU.ActiveCfg = Release|Any CPU
		{EF8B6779-5DB7-4915-9628-905C8FDC7CD5}.Release|Any CPU.Build.0 = Release|Any CPU
		{EF8B6779-5DB7-4915-9628-905C8FDC7CD5}.Release|x64.ActiveCfg = Release|Any CPU
		{EF8B6779-5DB7-4915-9628-905C8FDC7CD5}.Release|x64.Build.0 = Release|Any CPU
		{EF8B6779-5DB7-4915-9628-905C8FDC7CD5}.Release|x86.ActiveCfg = Release|Any CPU
		{EF8B6779-5DB7-4915-9628-905C8FDC7CD5}.Release|x86.Build.0 = Release|Any CPU
		{2C019FB9-6C1B-483D-9FBD-50F9CAED469D}.Debug|Any CPU.ActiveCfg = Debug|Any CPU
		{2C019FB9-6C1B-483D-9FBD-50F9CAED469D}.Debug|Any CPU.Build.0 = Debug|Any CPU
		{2C019FB9-6C1B-483D-9FBD-50F9CAED469D}.Debug|x64.ActiveCfg = Debug|Any CPU
		{2C019FB9-6C1B-483D-9FBD-50F9CAED469D}.Debug|x64.Build.0 = Debug|Any CPU
		{2C019FB9-6C1B-483D-9FBD-50F9CAED469D}.Debug|x86.ActiveCfg = Debug|Any CPU
		{2C019FB9-6C1B-483D-9FBD-50F9CAED469D}.Debug|x86.Build.0 = Debug|Any CPU
		{2C019FB9-6C1B-483D-9FBD-50F9CAED469D}.Release|Any CPU.ActiveCfg = Release|Any CPU
		{2C019FB9-6C1B-483D-9FBD-50F9CAED469D}.Release|Any CPU.Build.0 = Release|Any CPU
		{2C019FB9-6C1B-483D-9FBD-50F9CAED469D}.Release|x64.ActiveCfg = Release|Any CPU
		{2C019FB9-6C1B-483D-9FBD-50F9CAED469D}.Release|x64.Build.0 = Release|Any CPU
		{2C019FB9-6C1B-483D-9FBD-50F9CAED469D}.Release|x86.ActiveCfg = Release|Any CPU
		{2C019FB9-6C1B-483D-9FBD-50F9CAED469D}.Release|x86.Build.0 = Release|Any CPU
		{8AE177AA-0741-409C-A352-6330161DEABC}.Debug|Any CPU.ActiveCfg = Debug|Any CPU
		{8AE177AA-0741-409C-A352-6330161DEABC}.Debug|Any CPU.Build.0 = Debug|Any CPU
		{8AE177AA-0741-409C-A352-6330161DEABC}.Debug|x64.ActiveCfg = Debug|Any CPU
		{8AE177AA-0741-409C-A352-6330161DEABC}.Debug|x64.Build.0 = Debug|Any CPU
		{8AE177AA-0741-409C-A352-6330161DEABC}.Debug|x86.ActiveCfg = Debug|Any CPU
		{8AE177AA-0741-409C-A352-6330161DEABC}.Debug|x86.Build.0 = Debug|Any CPU
		{8AE177AA-0741-409C-A352-6330161DEABC}.Release|Any CPU.ActiveCfg = Release|Any CPU
		{8AE177AA-0741-409C-A352-6330161DEABC}.Release|Any CPU.Build.0 = Release|Any CPU
		{8AE177AA-0741-409C-A352-6330161DEABC}.Release|x64.ActiveCfg = Release|Any CPU
		{8AE177AA-0741-409C-A352-6330161DEABC}.Release|x64.Build.0 = Release|Any CPU
		{8AE177AA-0741-409C-A352-6330161DEABC}.Release|x86.ActiveCfg = Release|Any CPU
		{8AE177AA-0741-409C-A352-6330161DEABC}.Release|x86.Build.0 = Release|Any CPU
		{6285F27D-65D0-444B-A0E6-BEF9DAED0C0F}.Debug|Any CPU.ActiveCfg = Debug|Any CPU
		{6285F27D-65D0-444B-A0E6-BEF9DAED0C0F}.Debug|Any CPU.Build.0 = Debug|Any CPU
		{6285F27D-65D0-444B-A0E6-BEF9DAED0C0F}.Debug|x64.ActiveCfg = Debug|Any CPU
		{6285F27D-65D0-444B-A0E6-BEF9DAED0C0F}.Debug|x64.Build.0 = Debug|Any CPU
		{6285F27D-65D0-444B-A0E6-BEF9DAED0C0F}.Debug|x86.ActiveCfg = Debug|Any CPU
		{6285F27D-65D0-444B-A0E6-BEF9DAED0C0F}.Debug|x86.Build.0 = Debug|Any CPU
		{6285F27D-65D0-444B-A0E6-BEF9DAED0C0F}.Release|Any CPU.ActiveCfg = Release|Any CPU
		{6285F27D-65D0-444B-A0E6-BEF9DAED0C0F}.Release|Any CPU.Build.0 = Release|Any CPU
		{6285F27D-65D0-444B-A0E6-BEF9DAED0C0F}.Release|x64.ActiveCfg = Release|Any CPU
		{6285F27D-65D0-444B-A0E6-BEF9DAED0C0F}.Release|x64.Build.0 = Release|Any CPU
		{6285F27D-65D0-444B-A0E6-BEF9DAED0C0F}.Release|x86.ActiveCfg = Release|Any CPU
		{6285F27D-65D0-444B-A0E6-BEF9DAED0C0F}.Release|x86.Build.0 = Release|Any CPU
		{B1DCB075-B0EF-43FA-AE0B-3FBB497893FC}.Debug|Any CPU.ActiveCfg = Debug|Any CPU
		{B1DCB075-B0EF-43FA-AE0B-3FBB497893FC}.Debug|Any CPU.Build.0 = Debug|Any CPU
		{B1DCB075-B0EF-43FA-AE0B-3FBB497893FC}.Debug|x64.ActiveCfg = Debug|Any CPU
		{B1DCB075-B0EF-43FA-AE0B-3FBB497893FC}.Debug|x64.Build.0 = Debug|Any CPU
		{B1DCB075-B0EF-43FA-AE0B-3FBB497893FC}.Debug|x86.ActiveCfg = Debug|Any CPU
		{B1DCB075-B0EF-43FA-AE0B-3FBB497893FC}.Debug|x86.Build.0 = Debug|Any CPU
		{B1DCB075-B0EF-43FA-AE0B-3FBB497893FC}.Release|Any CPU.ActiveCfg = Release|Any CPU
		{B1DCB075-B0EF-43FA-AE0B-3FBB497893FC}.Release|Any CPU.Build.0 = Release|Any CPU
		{B1DCB075-B0EF-43FA-AE0B-3FBB497893FC}.Release|x64.ActiveCfg = Release|Any CPU
		{B1DCB075-B0EF-43FA-AE0B-3FBB497893FC}.Release|x64.Build.0 = Release|Any CPU
		{B1DCB075-B0EF-43FA-AE0B-3FBB497893FC}.Release|x86.ActiveCfg = Release|Any CPU
		{B1DCB075-B0EF-43FA-AE0B-3FBB497893FC}.Release|x86.Build.0 = Release|Any CPU
		{FBF39AEC-D7F8-4BC9-B7EB-E8A7A692C7B3}.Debug|Any CPU.ActiveCfg = Debug|Any CPU
		{FBF39AEC-D7F8-4BC9-B7EB-E8A7A692C7B3}.Debug|Any CPU.Build.0 = Debug|Any CPU
		{FBF39AEC-D7F8-4BC9-B7EB-E8A7A692C7B3}.Debug|x64.ActiveCfg = Debug|Any CPU
		{FBF39AEC-D7F8-4BC9-B7EB-E8A7A692C7B3}.Debug|x64.Build.0 = Debug|Any CPU
		{FBF39AEC-D7F8-4BC9-B7EB-E8A7A692C7B3}.Debug|x86.ActiveCfg = Debug|Any CPU
		{FBF39AEC-D7F8-4BC9-B7EB-E8A7A692C7B3}.Debug|x86.Build.0 = Debug|Any CPU
		{FBF39AEC-D7F8-4BC9-B7EB-E8A7A692C7B3}.Release|Any CPU.ActiveCfg = Release|Any CPU
		{FBF39AEC-D7F8-4BC9-B7EB-E8A7A692C7B3}.Release|Any CPU.Build.0 = Release|Any CPU
		{FBF39AEC-D7F8-4BC9-B7EB-E8A7A692C7B3}.Release|x64.ActiveCfg = Release|Any CPU
		{FBF39AEC-D7F8-4BC9-B7EB-E8A7A692C7B3}.Release|x64.Build.0 = Release|Any CPU
		{FBF39AEC-D7F8-4BC9-B7EB-E8A7A692C7B3}.Release|x86.ActiveCfg = Release|Any CPU
		{FBF39AEC-D7F8-4BC9-B7EB-E8A7A692C7B3}.Release|x86.Build.0 = Release|Any CPU
		{91A7853A-82FF-4FF9-8314-102A9472CD78}.Debug|Any CPU.ActiveCfg = Debug|Any CPU
		{91A7853A-82FF-4FF9-8314-102A9472CD78}.Debug|Any CPU.Build.0 = Debug|Any CPU
		{91A7853A-82FF-4FF9-8314-102A9472CD78}.Debug|x64.ActiveCfg = Debug|Any CPU
		{91A7853A-82FF-4FF9-8314-102A9472CD78}.Debug|x64.Build.0 = Debug|Any CPU
		{91A7853A-82FF-4FF9-8314-102A9472CD78}.Debug|x86.ActiveCfg = Debug|Any CPU
		{91A7853A-82FF-4FF9-8314-102A9472CD78}.Debug|x86.Build.0 = Debug|Any CPU
		{91A7853A-82FF-4FF9-8314-102A9472CD78}.Release|Any CPU.ActiveCfg = Release|Any CPU
		{91A7853A-82FF-4FF9-8314-102A9472CD78}.Release|Any CPU.Build.0 = Release|Any CPU
		{91A7853A-82FF-4FF9-8314-102A9472CD78}.Release|x64.ActiveCfg = Release|Any CPU
		{91A7853A-82FF-4FF9-8314-102A9472CD78}.Release|x64.Build.0 = Release|Any CPU
		{91A7853A-82FF-4FF9-8314-102A9472CD78}.Release|x86.ActiveCfg = Release|Any CPU
		{91A7853A-82FF-4FF9-8314-102A9472CD78}.Release|x86.Build.0 = Release|Any CPU
		{9C7E6AD0-79E6-4BD4-82AB-44FAABC55A04}.Debug|Any CPU.ActiveCfg = Debug|Any CPU
		{9C7E6AD0-79E6-4BD4-82AB-44FAABC55A04}.Debug|Any CPU.Build.0 = Debug|Any CPU
		{9C7E6AD0-79E6-4BD4-82AB-44FAABC55A04}.Debug|x64.ActiveCfg = Debug|Any CPU
		{9C7E6AD0-79E6-4BD4-82AB-44FAABC55A04}.Debug|x64.Build.0 = Debug|Any CPU
		{9C7E6AD0-79E6-4BD4-82AB-44FAABC55A04}.Debug|x86.ActiveCfg = Debug|Any CPU
		{9C7E6AD0-79E6-4BD4-82AB-44FAABC55A04}.Debug|x86.Build.0 = Debug|Any CPU
		{9C7E6AD0-79E6-4BD4-82AB-44FAABC55A04}.Release|Any CPU.ActiveCfg = Release|Any CPU
		{9C7E6AD0-79E6-4BD4-82AB-44FAABC55A04}.Release|Any CPU.Build.0 = Release|Any CPU
		{9C7E6AD0-79E6-4BD4-82AB-44FAABC55A04}.Release|x64.ActiveCfg = Release|Any CPU
		{9C7E6AD0-79E6-4BD4-82AB-44FAABC55A04}.Release|x64.Build.0 = Release|Any CPU
		{9C7E6AD0-79E6-4BD4-82AB-44FAABC55A04}.Release|x86.ActiveCfg = Release|Any CPU
		{9C7E6AD0-79E6-4BD4-82AB-44FAABC55A04}.Release|x86.Build.0 = Release|Any CPU
		{1518BB92-89BC-4A21-8729-E9C697EAB053}.Debug|Any CPU.ActiveCfg = Debug|Any CPU
		{1518BB92-89BC-4A21-8729-E9C697EAB053}.Debug|Any CPU.Build.0 = Debug|Any CPU
		{1518BB92-89BC-4A21-8729-E9C697EAB053}.Debug|x64.ActiveCfg = Debug|Any CPU
		{1518BB92-89BC-4A21-8729-E9C697EAB053}.Debug|x64.Build.0 = Debug|Any CPU
		{1518BB92-89BC-4A21-8729-E9C697EAB053}.Debug|x86.ActiveCfg = Debug|Any CPU
		{1518BB92-89BC-4A21-8729-E9C697EAB053}.Debug|x86.Build.0 = Debug|Any CPU
		{1518BB92-89BC-4A21-8729-E9C697EAB053}.Release|Any CPU.ActiveCfg = Release|Any CPU
		{1518BB92-89BC-4A21-8729-E9C697EAB053}.Release|Any CPU.Build.0 = Release|Any CPU
		{1518BB92-89BC-4A21-8729-E9C697EAB053}.Release|x64.ActiveCfg = Release|Any CPU
		{1518BB92-89BC-4A21-8729-E9C697EAB053}.Release|x64.Build.0 = Release|Any CPU
		{1518BB92-89BC-4A21-8729-E9C697EAB053}.Release|x86.ActiveCfg = Release|Any CPU
		{1518BB92-89BC-4A21-8729-E9C697EAB053}.Release|x86.Build.0 = Release|Any CPU
		{B63707CF-FF5E-4E17-94FF-3B899DA4EF6C}.Debug|Any CPU.ActiveCfg = Debug|Any CPU
		{B63707CF-FF5E-4E17-94FF-3B899DA4EF6C}.Debug|Any CPU.Build.0 = Debug|Any CPU
		{B63707CF-FF5E-4E17-94FF-3B899DA4EF6C}.Debug|x64.ActiveCfg = Debug|Any CPU
		{B63707CF-FF5E-4E17-94FF-3B899DA4EF6C}.Debug|x64.Build.0 = Debug|Any CPU
		{B63707CF-FF5E-4E17-94FF-3B899DA4EF6C}.Debug|x86.ActiveCfg = Debug|Any CPU
		{B63707CF-FF5E-4E17-94FF-3B899DA4EF6C}.Debug|x86.Build.0 = Debug|Any CPU
		{B63707CF-FF5E-4E17-94FF-3B899DA4EF6C}.Release|Any CPU.ActiveCfg = Release|Any CPU
		{B63707CF-FF5E-4E17-94FF-3B899DA4EF6C}.Release|Any CPU.Build.0 = Release|Any CPU
		{B63707CF-FF5E-4E17-94FF-3B899DA4EF6C}.Release|x64.ActiveCfg = Release|Any CPU
		{B63707CF-FF5E-4E17-94FF-3B899DA4EF6C}.Release|x64.Build.0 = Release|Any CPU
		{B63707CF-FF5E-4E17-94FF-3B899DA4EF6C}.Release|x86.ActiveCfg = Release|Any CPU
		{B63707CF-FF5E-4E17-94FF-3B899DA4EF6C}.Release|x86.Build.0 = Release|Any CPU
	EndGlobalSection
	GlobalSection(SolutionProperties) = preSolution
		HideSolutionNode = FALSE
	EndGlobalSection
EndGlobal
